
Microsoft Visual Studio Solution File, Format Version 12.00
# Visual Studio Version 17
VisualStudioVersion = 17.14.36202.13 d17.14
MinimumVisualStudioVersion = 10.0.40219.1
Project("{FAE04EC0-301F-11D3-BF4B-00C04F79EFBC}") = "Batss", "Batss.csproj", "{065E8530-1061-474B-B8BD-4D43D2D9AB8F}"
EndProject
Global
	GlobalSection(SolutionConfigurationPlatforms) = preSolution
		Debug|Any CPU = Debug|Any CPU
		Release|Any CPU = Release|Any CPU
	EndGlobalSection
	GlobalSection(ProjectConfigurationPlatforms) = postSolution
		{065E8530-1061-474B-B8BD-4D43D2D9AB8F}.Debug|Any CPU.ActiveCfg = Debug|Any CPU
		{065E8530-1061-474B-B8BD-4D43D2D9AB8F}.Debug|Any CPU.Build.0 = Debug|Any CPU
		{065E8530-1061-474B-B8BD-4D43D2D9AB8F}.Release|Any CPU.ActiveCfg = Release|Any CPU
		{065E8530-1061-474B-B8BD-4D43D2D9AB8F}.Release|Any CPU.Build.0 = Release|Any CPU
	EndGlobalSection
	GlobalSection(SolutionProperties) = preSolution
		HideSolutionNode = FALSE
	EndGlobalSection
	GlobalSection(ExtensibilityGlobals) = postSolution
		SolutionGuid = {87FC4856-B367-47F5-B765-B9D0CB510613}
	EndGlobalSection
EndGlobal
